{
  "name": "stream-audio-fingerprint",
  "version": "1.0.4",
  "lockfileVersion": 1,
  "requires": true,
  "dependencies": {
    "@types/node": {
      "version": "7.10.7",
      "resolved": "https://registry.npmjs.org/@types/node/-/node-7.10.7.tgz",
      "integrity": "sha512-4I7+hXKyq7e1deuzX9udu0hPIYqSSkdKXtjow6fMnQ3OR9qkxIErGHbGY08YrfZJrCS1ajK8lOuzd0k3n2WM4A==",
      "dev": true
    },
    "dsp.js": {
      "version": "git+https://git@github.com/corbanbrook/dsp.js.git#051f341d8e1d05515efecb1851bbc862decf02bc"
    }
  }
}
