# THIS IS AN AUTOGENERATED FILE. DO NOT EDIT THIS FILE DIRECTLY.
# yarn lockfile v1


"@types/node@^7.0.12":
  version "7.10.7"
  resolved "https://registry.yarnpkg.com/@types/node/-/node-7.10.7.tgz#8604623912010235185f1166c7a5a9aa7de9fcd8"

"dsp.js@git+https://git@github.com/corbanbrook/dsp.js.git":
  version "1.0.0"
  resolved "git+https://git@github.com/corbanbrook/dsp.js.git#051f341d8e1d05515efecb1851bbc862decf02bc"

pngjs@^3.4.0:
  version "3.4.0"
  resolved "https://registry.yarnpkg.com/pngjs/-/pngjs-3.4.0.tgz#99ca7d725965fb655814eaf65f38f12bbdbf555f"
